// !$*UTF8*$!
{
	archiveVersion = 1;
	classes = {
	};
	objectVersion = 50;
	objects = {

/* Begin PBXBuildFile section */
		8143AD9DC63A8564298A4235 /* Pods_OCRTest1.framework in Frameworks */ = {isa = PBXBuildFile; fileRef = 3775FD597BF2D619B17ED1B4 /* Pods_OCRTest1.framework */; };
		885362442224767200351023 /* AppDelegate.swift in Sources */ = {isa = PBXBuildFile; fileRef = 885362432224767200351023 /* AppDelegate.swift */; };
		885362462224767200351023 /* ViewController.swift in Sources */ = {isa = PBXBuildFile; fileRef = 885362452224767200351023 /* ViewController.swift */; };
		885362492224767200351023 /* Main.storyboard in Resources */ = {isa = PBXBuildFile; fileRef = 885362472224767200351023 /* Main.storyboard */; };
		8853624B2224767300351023 /* Assets.xcassets in Resources */ = {isa = PBXBuildFile; fileRef = 8853624A2224767300351023 /* Assets.xcassets */; };
		8853624E2224767300351023 /* LaunchScreen.storyboard in Resources */ = {isa = PBXBuildFile; fileRef = 8853624C2224767300351023 /* LaunchScreen.storyboard */; };
		88536256222476BE00351023 /* Preview.swift in Sources */ = {isa = PBXBuildFile; fileRef = 88536255222476BE00351023 /* Preview.swift */; };
		8882250F2224D1EB000D5812 /* TesseractViewController.swift in Sources */ = {isa = PBXBuildFile; fileRef = 8882250E2224D1EB000D5812 /* TesseractViewController.swift */; };
		888225112224D468000D5812 /* tessdata in Resources */ = {isa = PBXBuildFile; fileRef = 888225102224D468000D5812 /* tessdata */; };
		888B49A62225ACBF00D9E48C /* libz.tbd in Frameworks */ = {isa = PBXBuildFile; fileRef = 888B49A22225A39E00D9E48C /* libz.tbd */; };
/* End PBXBuildFile section */

/* Begin PBXFileReference section */
		3775FD597BF2D619B17ED1B4 /* Pods_OCRTest1.framework */ = {isa = PBXFileReference; explicitFileType = wrapper.framework; includeInIndex = 0; path = Pods_OCRTest1.framework; sourceTree = BUILT_PRODUCTS_DIR; };
		885362402224767200351023 /* OCRTest1.app */ = {isa = PBXFileReference; explicitFileType = wrapper.application; includeInIndex = 0; path = OCRTest1.app; sourceTree = BUILT_PRODUCTS_DIR; };
		885362432224767200351023 /* AppDelegate.swift */ = {isa = PBXFileReference; lastKnownFileType = sourcecode.swift; path = AppDelegate.swift; sourceTree = "<group>"; };
		885362452224767200351023 /* ViewController.swift */ = {isa = PBXFileReference; lastKnownFileType = sourcecode.swift; path = ViewController.swift; sourceTree = "<group>"; };
		885362482224767200351023 /* Base */ = {isa = PBXFileReference; lastKnownFileType = file.storyboard; name = Base; path = Base.lproj/Main.storyboard; sourceTree = "<group>"; };
		8853624A2224767300351023 /* Assets.xcassets */ = {isa = PBXFileReference; lastKnownFileType = folder.assetcatalog; path = Assets.xcassets; sourceTree = "<group>"; };
		8853624D2224767300351023 /* Base */ = {isa = PBXFileReference; lastKnownFileType = file.storyboard; name = Base; path = Base.lproj/LaunchScreen.storyboard; sourceTree = "<group>"; };
		8853624F2224767300351023 /* Info.plist */ = {isa = PBXFileReference; lastKnownFileType = text.plist.xml; path = Info.plist; sourceTree = "<group>"; };
		88536255222476BE00351023 /* Preview.swift */ = {isa = PBXFileReference; lastKnownFileType = sourcecode.swift; path = Preview.swift; sourceTree = "<group>"; };
		8882250E2224D1EB000D5812 /* TesseractViewController.swift */ = {isa = PBXFileReference; lastKnownFileType = sourcecode.swift; path = TesseractViewController.swift; sourceTree = "<group>"; };
		888225102224D468000D5812 /* tessdata */ = {isa = PBXFileReference; lastKnownFileType = folder; path = tessdata; sourceTree = "<group>"; };
		888B49A22225A39E00D9E48C /* libz.tbd */ = {isa = PBXFileReference; lastKnownFileType = "sourcecode.text-based-dylib-definition"; name = libz.tbd; path = usr/lib/libz.tbd; sourceTree = SDKROOT; };
		888B49A42225A80300D9E48C /* libz.1.tbd */ = {isa = PBXFileReference; lastKnownFileType = "sourcecode.text-based-dylib-definition"; name = libz.1.tbd; path = usr/lib/libz.1.tbd; sourceTree = SDKROOT; };
		C730D332B8762DD221D95DE1 /* Pods-OCRTest1.release.xcconfig */ = {isa = PBXFileReference; includeInIndex = 1; lastKnownFileType = text.xcconfig; name = "Pods-OCRTest1.release.xcconfig"; path = "Target Support Files/Pods-OCRTest1/Pods-OCRTest1.release.xcconfig"; sourceTree = "<group>"; };
		E1DE8D921C82FD848C1AF254 /* Pods-OCRTest1.debug.xcconfig */ = {isa = PBXFileReference; includeInIndex = 1; lastKnownFileType = text.xcconfig; name = "Pods-OCRTest1.debug.xcconfig"; path = "Target Support Files/Pods-OCRTest1/Pods-OCRTest1.debug.xcconfig"; sourceTree = "<group>"; };
/* End PBXFileReference section */

/* Begin PBXFrameworksBuildPhase section */
		8853623D2224767200351023 /* Frameworks */ = {
			isa = PBXFrameworksBuildPhase;
			buildActionMask = 2147483647;
			files = (
				888B49A62225ACBF00D9E48C /* libz.tbd in Frameworks */,
				8143AD9DC63A8564298A4235 /* Pods_OCRTest1.framework in Frameworks */,
			);
			runOnlyForDeploymentPostprocessing = 0;
		};
/* End PBXFrameworksBuildPhase section */

/* Begin PBXGroup section */
		1530FBA376EB5374801304B9 /* Pods */ = {
			isa = PBXGroup;
			children = (
				E1DE8D921C82FD848C1AF254 /* Pods-OCRTest1.debug.xcconfig */,
				C730D332B8762DD221D95DE1 /* Pods-OCRTest1.release.xcconfig */,
			);
			path = Pods;
			sourceTree = "<group>";
		};
		232A600EF1E36E2EB40C184B /* Frameworks */ = {
			isa = PBXGroup;
			children = (
				888B49A42225A80300D9E48C /* libz.1.tbd */,
				888B49A22225A39E00D9E48C /* libz.tbd */,
				3775FD597BF2D619B17ED1B4 /* Pods_OCRTest1.framework */,
			);
			name = Frameworks;
			sourceTree = "<group>";
		};
		885362372224767200351023 = {
			isa = PBXGroup;
			children = (
				885362422224767200351023 /* OCRTest1 */,
				885362412224767200351023 /* Products */,
				1530FBA376EB5374801304B9 /* Pods */,
				232A600EF1E36E2EB40C184B /* Frameworks */,
			);
			sourceTree = "<group>";
		};
		885362412224767200351023 /* Products */ = {
			isa = PBXGroup;
			children = (
				885362402224767200351023 /* OCRTest1.app */,
			);
			name = Products;
			sourceTree = "<group>";
		};
		885362422224767200351023 /* OCRTest1 */ = {
			isa = PBXGroup;
			children = (
				885362432224767200351023 /* AppDelegate.swift */,
				885362452224767200351023 /* ViewController.swift */,
				88536255222476BE00351023 /* Preview.swift */,
				885362472224767200351023 /* Main.storyboard */,
				8882250E2224D1EB000D5812 /* TesseractViewController.swift */,
				8853624A2224767300351023 /* Assets.xcassets */,
				8853624C2224767300351023 /* LaunchScreen.storyboard */,
				888225102224D468000D5812 /* tessdata */,
				8853624F2224767300351023 /* Info.plist */,
			);
			path = OCRTest1;
			sourceTree = "<group>";
		};
/* End PBXGroup section */

/* Begin PBXNativeTarget section */
		8853623F2224767200351023 /* OCRTest1 */ = {
			isa = PBXNativeTarget;
			buildConfigurationList = 885362522224767300351023 /* Build configuration list for PBXNativeTarget "OCRTest1" */;
			buildPhases = (
				3B06F5424C18E7132FE95D11 /* [CP] Check Pods Manifest.lock */,
				8853623C2224767200351023 /* Sources */,
				8853623D2224767200351023 /* Frameworks */,
				8853623E2224767200351023 /* Resources */,
				06D45932A48FCC673BBD56D8 /* [CP] Embed Pods Frameworks */,
			);
			buildRules = (
			);
			dependencies = (
			);
			name = OCRTest1;
			productName = OCRTest1;
			productReference = 885362402224767200351023 /* OCRTest1.app */;
			productType = "com.apple.product-type.application";
		};
/* End PBXNativeTarget section */

/* Begin PBXProject section */
		885362382224767200351023 /* Project object */ = {
			isa = PBXProject;
			attributes = {
				LastSwiftUpdateCheck = 1010;
				LastUpgradeCheck = 1010;
				ORGANIZATIONNAME = Gonet;
				TargetAttributes = {
					8853623F2224767200351023 = {
						CreatedOnToolsVersion = 10.1;
					};
				};
			};
			buildConfigurationList = 8853623B2224767200351023 /* Build configuration list for PBXProject "OCRTest1" */;
			compatibilityVersion = "Xcode 9.3";
			developmentRegion = en;
			hasScannedForEncodings = 0;
			knownRegions = (
				en,
				Base,
			);
			mainGroup = 885362372224767200351023;
			productRefGroup = 885362412224767200351023 /* Products */;
			projectDirPath = "";
			projectRoot = "";
			targets = (
				8853623F2224767200351023 /* OCRTest1 */,
			);
		};
/* End PBXProject section */

/* Begin PBXResourcesBuildPhase section */
		8853623E2224767200351023 /* Resources */ = {
			isa = PBXResourcesBuildPhase;
			buildActionMask = 2147483647;
			files = (
				8853624E2224767300351023 /* LaunchScreen.storyboard in Resources */,
				888225112224D468000D5812 /* tessdata in Resources */,
				8853624B2224767300351023 /* Assets.xcassets in Resources */,
				885362492224767200351023 /* Main.storyboard in Resources */,
			);
			runOnlyForDeploymentPostprocessing = 0;
		};
/* End PBXResourcesBuildPhase section */

/* Begin PBXShellScriptBuildPhase section */
		06D45932A48FCC673BBD56D8 /* [CP] Embed Pods Frameworks */ = {
			isa = PBXShellScriptBuildPhase;
			buildActionMask = 2147483647;
			files = (
			);
			inputFileListPaths = (
			);
			inputPaths = (
				"${PODS_ROOT}/Target Support Files/Pods-OCRTest1/Pods-OCRTest1-frameworks.sh",
				"${BUILT_PRODUCTS_DIR}/TesseractOCRiOS/TesseractOCR.framework",
			);
			name = "[CP] Embed Pods Frameworks";
			outputFileListPaths = (
			);
			outputPaths = (
				"${TARGET_BUILD_DIR}/${FRAMEWORKS_FOLDER_PATH}/TesseractOCR.framework",
			);
			runOnlyForDeploymentPostprocessing = 0;
			shellPath = /bin/sh;
			shellScript = "\"${PODS_ROOT}/Target Support Files/Pods-OCRTest1/Pods-OCRTest1-frameworks.sh\"\n";
			showEnvVarsInLog = 0;
		};
		3B06F5424C18E7132FE95D11 /* [CP] Check Pods Manifest.lock */ = {
			isa = PBXShellScriptBuildPhase;
			buildActionMask = 2147483647;
			files = (
			);
			inputFileListPaths = (
			);
			inputPaths = (
				"${PODS_PODFILE_DIR_PATH}/Podfile.lock",
				"${PODS_ROOT}/Manifest.lock",
			);
			name = "[CP] Check Pods Manifest.lock";
			outputFileListPaths = (
			);
			outputPaths = (
				"$(DERIVED_FILE_DIR)/Pods-OCRTest1-checkManifestLockResult.txt",
			);
			runOnlyForDeploymentPostprocessing = 0;
			shellPath = /bin/sh;
			shellScript = "diff \"${PODS_PODFILE_DIR_PATH}/Podfile.lock\" \"${PODS_ROOT}/Manifest.lock\" > /dev/null\nif [ $? != 0 ] ; then\n    # print error to STDERR\n    echo \"error: The sandbox is not in sync with the Podfile.lock. Run 'pod install' or update your CocoaPods installation.\" >&2\n    exit 1\nfi\n# This output is used by Xcode 'outputs' to avoid re-running this script phase.\necho \"SUCCESS\" > \"${SCRIPT_OUTPUT_FILE_0}\"\n";
			showEnvVarsInLog = 0;
		};
/* End PBXShellScriptBuildPhase section */

/* Begin PBXSourcesBuildPhase section */
		8853623C2224767200351023 /* Sources */ = {
			isa = PBXSourcesBuildPhase;
			buildActionMask = 2147483647;
			files = (
				885362462224767200351023 /* ViewController.swift in Sources */,
				8882250F2224D1EB000D5812 /* TesseractViewController.swift in Sources */,
				88536256222476BE00351023 /* Preview.swift in Sources */,
				885362442224767200351023 /* AppDelegate.swift in Sources */,
			);
			runOnlyForDeploymentPostprocessing = 0;
		};
/* End PBXSourcesBuildPhase section */

/* Begin PBXVariantGroup section */
		885362472224767200351023 /* Main.storyboard */ = {
			isa = PBXVariantGroup;
			children = (
				885362482224767200351023 /* Base */,
			);
			name = Main.storyboard;
			sourceTree = "<group>";
		};
		8853624C2224767300351023 /* LaunchScreen.storyboard */ = {
			isa = PBXVariantGroup;
			children = (
				8853624D2224767300351023 /* Base */,
			);
			name = LaunchScreen.storyboard;
			sourceTree = "<group>";
		};
/* End PBXVariantGroup section */

/* Begin XCBuildConfiguration section */
		885362502224767300351023 /* Debug */ = {
			isa = XCBuildConfiguration;
			buildSettings = {
				ALWAYS_SEARCH_USER_PATHS = NO;
				CLANG_ANALYZER_NONNULL = YES;
				CLANG_ANALYZER_NUMBER_OBJECT_CONVERSION = YES_AGGRESSIVE;
				CLANG_CXX_LANGUAGE_STANDARD = "gnu++14";
				CLANG_CXX_LIBRARY = "libc++";
				CLANG_ENABLE_MODULES = YES;
				CLANG_ENABLE_OBJC_ARC = YES;
				CLANG_ENABLE_OBJC_WEAK = YES;
				CLANG_WARN_BLOCK_CAPTURE_AUTORELEASING = YES;
				CLANG_WARN_BOOL_CONVERSION = YES;
				CLANG_WARN_COMMA = YES;
				CLANG_WARN_CONSTANT_CONVERSION = YES;
				CLANG_WARN_DEPRECATED_OBJC_IMPLEMENTATIONS = YES;
				CLANG_WARN_DIRECT_OBJC_ISA_USAGE = YES_ERROR;
				CLANG_WARN_DOCUMENTATION_COMMENTS = YES;
				CLANG_WARN_EMPTY_BODY = YES;
				CLANG_WARN_ENUM_CONVERSION = YES;
				CLANG_WARN_INFINITE_RECURSION = YES;
				CLANG_WARN_INT_CONVERSION = YES;
				CLANG_WARN_NON_LITERAL_NULL_CONVERSION = YES;
				CLANG_WARN_OBJC_IMPLICIT_RETAIN_SELF = YES;
				CLANG_WARN_OBJC_LITERAL_CONVERSION = YES;
				CLANG_WARN_OBJC_ROOT_CLASS = YES_ERROR;
				CLANG_WARN_RANGE_LOOP_ANALYSIS = YES;
				CLANG_WARN_STRICT_PROTOTYPES = YES;
				CLANG_WARN_SUSPICIOUS_MOVE = YES;
				CLANG_WARN_UNGUARDED_AVAILABILITY = YES_AGGRESSIVE;
				CLANG_WARN_UNREACHABLE_CODE = YES;
				CLANG_WARN__DUPLICATE_METHOD_MATCH = YES;
				CODE_SIGN_IDENTITY = "iPhone Developer";
				COPY_PHASE_STRIP = NO;
				DEBUG_INFORMATION_FORMAT = dwarf;
				ENABLE_BITCODE = NO;
				ENABLE_STRICT_OBJC_MSGSEND = YES;
				ENABLE_TESTABILITY = YES;
				GCC_C_LANGUAGE_STANDARD = gnu11;
				GCC_DYNAMIC_NO_PIC = NO;
				GCC_NO_COMMON_BLOCKS = YES;
				GCC_OPTIMIZATION_LEVEL = 0;
				GCC_PREPROCESSOR_DEFINITIONS = (
					"DEBUG=1",
					"$(inherited)",
				);
				GCC_WARN_64_TO_32_BIT_CONVERSION = YES;
				GCC_WARN_ABOUT_RETURN_TYPE = YES_ERROR;
				GCC_WARN_UNDECLARED_SELECTOR = YES;
				GCC_WARN_UNINITIALIZED_AUTOS = YES_AGGRESSIVE;
				GCC_WARN_UNUSED_FUNCTION = YES;
				GCC_WARN_UNUSED_VARIABLE = YES;
				IPHONEOS_DEPLOYMENT_TARGET = 12.1;
				MTL_ENABLE_DEBUG_INFO = INCLUDE_SOURCE;
				MTL_FAST_MATH = YES;
				ONLY_ACTIVE_ARCH = YES;
				SDKROOT = iphoneos;
				SWIFT_ACTIVE_COMPILATION_CONDITIONS = DEBUG;
				SWIFT_OPTIMIZATION_LEVEL = "-Onone";
			};
			name = Debug;
		};
		885362512224767300351023 /* Release */ = {
			isa = XCBuildConfiguration;
			buildSettings = {
				ALWAYS_SEARCH_USER_PATHS = NO;
				CLANG_ANALYZER_NONNULL = YES;
				CLANG_ANALYZER_NUMBER_OBJECT_CONVERSION = YES_AGGRESSIVE;
				CLANG_CXX_LANGUAGE_STANDARD = "gnu++14";
				CLANG_CXX_LIBRARY = "libc++";
				CLANG_ENABLE_MODULES = YES;
				CLANG_ENABLE_OBJC_ARC = YES;
				CLANG_ENABLE_OBJC_WEAK = YES;
				CLANG_WARN_BLOCK_CAPTURE_AUTORELEASING = YES;
				CLANG_WARN_BOOL_CONVERSION = YES;
				CLANG_WARN_COMMA = YES;
				CLANG_WARN_CONSTANT_CONVERSION = YES;
				CLANG_WARN_DEPRECATED_OBJC_IMPLEMENTATIONS = YES;
				CLANG_WARN_DIRECT_OBJC_ISA_USAGE = YES_ERROR;
				CLANG_WARN_DOCUMENTATION_COMMENTS = YES;
				CLANG_WARN_EMPTY_BODY = YES;
				CLANG_WARN_ENUM_CONVERSION = YES;
				CLANG_WARN_INFINITE_RECURSION = YES;
				CLANG_WARN_INT_CONVERSION = YES;
				CLANG_WARN_NON_LITERAL_NULL_CONVERSION = YES;
				CLANG_WARN_OBJC_IMPLICIT_RETAIN_SELF = YES;
				CLANG_WARN_OBJC_LITERAL_CONVERSION = YES;
				CLANG_WARN_OBJC_ROOT_CLASS = YES_ERROR;
				CLANG_WARN_RANGE_LOOP_ANALYSIS = YES;
				CLANG_WARN_STRICT_PROTOTYPES = YES;
				CLANG_WARN_SUSPICIOUS_MOVE = YES;
				CLANG_WARN_UNGUARDED_AVAILABILITY = YES_AGGRESSIVE;
				CLANG_WARN_UNREACHABLE_CODE = YES;
				CLANG_WARN__DUPLICATE_METHOD_MATCH = YES;
				CODE_SIGN_IDENTITY = "iPhone Developer";
				COPY_PHASE_STRIP = NO;
				DEBUG_INFORMATION_FORMAT = "dwarf-with-dsym";
				ENABLE_BITCODE = NO;
				ENABLE_NS_ASSERTIONS = NO;
				ENABLE_STRICT_OBJC_MSGSEND = YES;
				GCC_C_LANGUAGE_STANDARD = gnu11;
				GCC_NO_COMMON_BLOCKS = YES;
				GCC_WARN_64_TO_32_BIT_CONVERSION = YES;
				GCC_WARN_ABOUT_RETURN_TYPE = YES_ERROR;
				GCC_WARN_UNDECLARED_SELECTOR = YES;
				GCC_WARN_UNINITIALIZED_AUTOS = YES_AGGRESSIVE;
				GCC_WARN_UNUSED_FUNCTION = YES;
				GCC_WARN_UNUSED_VARIABLE = YES;
				IPHONEOS_DEPLOYMENT_TARGET = 12.1;
				MTL_ENABLE_DEBUG_INFO = NO;
				MTL_FAST_MATH = YES;
				SDKROOT = iphoneos;
				SWIFT_COMPILATION_MODE = wholemodule;
				SWIFT_OPTIMIZATION_LEVEL = "-O";
				VALIDATE_PRODUCT = YES;
			};
			name = Release;
		};
		885362532224767300351023 /* Debug */ = {
			isa = XCBuildConfiguration;
			baseConfigurationReference = E1DE8D921C82FD848C1AF254 /* Pods-OCRTest1.debug.xcconfig */;
			buildSettings = {
				ASSETCATALOG_COMPILER_APPICON_NAME = AppIcon;
				CODE_SIGN_STYLE = Automatic;
				DEVELOPMENT_TEAM = 2KAGQ44QH8;
				ENABLE_BITCODE = NO;
				INFOPLIST_FILE = OCRTest1/Info.plist;
				LD_RUNPATH_SEARCH_PATHS = (
					"$(inherited)",
					"@executable_path/Frameworks",
				);
				PRODUCT_BUNDLE_IDENTIFIER = Gonet.OCRTest1;
				PRODUCT_NAME = "$(TARGET_NAME)";
				SWIFT_VERSION = 4.2;
				TARGETED_DEVICE_FAMILY = "1,2";
			};
			name = Debug;
		};
		885362542224767300351023 /* Release */ = {
			isa = XCBuildConfiguration;
			baseConfigurationReference = C730D332B8762DD221D95DE1 /* Pods-OCRTest1.release.xcconfig */;
			buildSettings = {
				ASSETCATALOG_COMPILER_APPICON_NAME = AppIcon;
				CODE_SIGN_STYLE = Automatic;
				DEVELOPMENT_TEAM = 2KAGQ44QH8;
				ENABLE_BITCODE = NO;
				INFOPLIST_FILE = OCRTest1/Info.plist;
				LD_RUNPATH_SEARCH_PATHS = (
					"$(inherited)",
					"@executable_path/Frameworks",
				);
				PRODUCT_BUNDLE_IDENTIFIER = Gonet.OCRTest1;
				PRODUCT_NAME = "$(TARGET_NAME)";
				SWIFT_VERSION = 4.2;
				TARGETED_DEVICE_FAMILY = "1,2";
			};
			name = Release;
		};
/* End XCBuildConfiguration section */

/* Begin XCConfigurationList section */
		8853623B2224767200351023 /* Build configuration list for PBXProject "OCRTest1" */ = {
			isa = XCConfigurationList;
			buildConfigurations = (
				885362502224767300351023 /* Debug */,
				885362512224767300351023 /* Release */,
			);
			defaultConfigurationIsVisible = 0;
			defaultConfigurationName = Release;
		};
		885362522224767300351023 /* Build configuration list for PBXNativeTarget "OCRTest1" */ = {
			isa = XCConfigurationList;
			buildConfigurations = (
				885362532224767300351023 /* Debug */,
				885362542224767300351023 /* Release */,
			);
			defaultConfigurationIsVisible = 0;
			defaultConfigurationName = Release;
		};
/* End XCConfigurationList section */
	};
	rootObject = 885362382224767200351023 /* Project object */;
}
